
Microsoft Visual Studio Solution File, Format Version 12.00
# Visual Studio Version 16
VisualStudioVersion = 16.0.29326.143
MinimumVisualStudioVersion = 10.0.40219.1
Project("{FAE04EC0-301F-11D3-BF4B-00C04F79EFBC}") = "BackEnd", "BackEnd.csproj", "{8D0818CE-BB71-4E6D-950E-88C753B3079D}"
EndProject
Global
	GlobalSection(SolutionConfigurationPlatforms) = preSolution
		Debug|Any CPU = Debug|Any CPU
		Release|Any CPU = Release|Any CPU
	EndGlobalSection
	GlobalSection(ProjectConfigurationPlatforms) = postSolution
		{8D0818CE-BB71-4E6D-950E-88C753B3079D}.Debug|Any CPU.ActiveCfg = Debug|Any CPU
		{8D0818CE-BB71-4E6D-950E-88C753B3079D}.Debug|Any CPU.Build.0 = Debug|Any CPU
		{8D0818CE-BB71-4E6D-950E-88C753B3079D}.Release|Any CPU.ActiveCfg = Release|Any CPU
		{8D0818CE-BB71-4E6D-950E-88C753B3079D}.Release|Any CPU.Build.0 = Release|Any CPU
	EndGlobalSection
	GlobalSection(SolutionProperties) = preSolution
		HideSolutionNode = FALSE
	EndGlobalSection
	GlobalSection(ExtensibilityGlobals) = postSolution
		SolutionGuid = {C1901A96-3B88-4FB9-A5B7-3BDC6AD31D2D}
	EndGlobalSection
EndGlobal
